// !$*UTF8*$!
{
	archiveVersion = 1;
	classes = {
	};
	objectVersion = 46;
	objects = {

/* Begin PBXBuildFile section */
		B885EAA4591BC7EDFEA1C0FC /* Pods_PreInterViewApp.framework in Frameworks */ = {isa = PBXBuildFile; fileRef = 3C75035756C9523CBB9E0061 /* Pods_PreInterViewApp.framework */; };
		D801298C1C7C014100C77EDA /* MainViewController.m in Sources */ = {isa = PBXBuildFile; fileRef = D801298B1C7C014100C77EDA /* MainViewController.m */; };
		D801298F1C7C12C600C77EDA /* UsersViewController.m in Sources */ = {isa = PBXBuildFile; fileRef = D801298E1C7C12C600C77EDA /* UsersViewController.m */; };
		D80129921C7C12F800C77EDA /* SettingViewController.m in Sources */ = {isa = PBXBuildFile; fileRef = D80129911C7C12F800C77EDA /* SettingViewController.m */; };
		D801D4521C7B6709000F448E /* LoginViewController.m in Sources */ = {isa = PBXBuildFile; fileRef = D801D44F1C7B6709000F448E /* LoginViewController.m */; };
		D801D4531C7B6709000F448E /* WelcomeController.m in Sources */ = {isa = PBXBuildFile; fileRef = D801D4511C7B6709000F448E /* WelcomeController.m */; };
		D801D4561C7B6747000F448E /* SignupViewController.m in Sources */ = {isa = PBXBuildFile; fileRef = D801D4551C7B6747000F448E /* SignupViewController.m */; };
		D801D45B1C7B70DC000F448E /* NetworkHandler.m in Sources */ = {isa = PBXBuildFile; fileRef = D801D45A1C7B70DC000F448E /* NetworkHandler.m */; };
		D88326A11C7AFAD0000BEC81 /* main.m in Sources */ = {isa = PBXBuildFile; fileRef = D88326A01C7AFAD0000BEC81 /* main.m */; };
		D88326A41C7AFAD0000BEC81 /* AppDelegate.m in Sources */ = {isa = PBXBuildFile; fileRef = D88326A31C7AFAD0000BEC81 /* AppDelegate.m */; };
		D88326AA1C7AFAD0000BEC81 /* Main.storyboard in Resources */ = {isa = PBXBuildFile; fileRef = D88326A81C7AFAD0000BEC81 /* Main.storyboard */; };
		D88326AD1C7AFAD0000BEC81 /* PreInterViewApp.xcdatamodeld in Sources */ = {isa = PBXBuildFile; fileRef = D88326AB1C7AFAD0000BEC81 /* PreInterViewApp.xcdatamodeld */; };
		D88326AF1C7AFAD0000BEC81 /* Assets.xcassets in Resources */ = {isa = PBXBuildFile; fileRef = D88326AE1C7AFAD0000BEC81 /* Assets.xcassets */; };
		D88326B21C7AFAD0000BEC81 /* LaunchScreen.storyboard in Resources */ = {isa = PBXBuildFile; fileRef = D88326B01C7AFAD0000BEC81 /* LaunchScreen.storyboard */; };
		D88326BD1C7AFAD0000BEC81 /* PreInterViewAppTests.m in Sources */ = {isa = PBXBuildFile; fileRef = D88326BC1C7AFAD0000BEC81 /* PreInterViewAppTests.m */; };
		D88326C81C7AFAD0000BEC81 /* PreInterViewAppUITests.m in Sources */ = {isa = PBXBuildFile; fileRef = D88326C71C7AFAD0000BEC81 /* PreInterViewAppUITests.m */; };
		D8A362561C7C1D85002F1954 /* UserTableViewCell.m in Sources */ = {isa = PBXBuildFile; fileRef = D8A362551C7C1D85002F1954 /* UserTableViewCell.m */; };
		D8A3625A1C7C1F6A002F1954 /* User.m in Sources */ = {isa = PBXBuildFile; fileRef = D8A362591C7C1F6A002F1954 /* User.m */; };
/* End PBXBuildFile section */

/* Begin PBXContainerItemProxy section */
		D88326B91C7AFAD0000BEC81 /* PBXContainerItemProxy */ = {
			isa = PBXContainerItemProxy;
			containerPortal = D88326941C7AFAD0000BEC81 /* Project object */;
			proxyType = 1;
			remoteGlobalIDString = D883269B1C7AFAD0000BEC81;
			remoteInfo = PreInterViewApp;
		};
		D88326C41C7AFAD0000BEC81 /* PBXContainerItemProxy */ = {
			isa = PBXContainerItemProxy;
			containerPortal = D88326941C7AFAD0000BEC81 /* Project object */;
			proxyType = 1;
			remoteGlobalIDString = D883269B1C7AFAD0000BEC81;
			remoteInfo = PreInterViewApp;
		};
/* End PBXContainerItemProxy section */

/* Begin PBXFileReference section */
		3C75035756C9523CBB9E0061 /* Pods_PreInterViewApp.framework */ = {isa = PBXFileReference; explicitFileType = wrapper.framework; includeInIndex = 0; path = Pods_PreInterViewApp.framework; sourceTree = BUILT_PRODUCTS_DIR; };
		47CC9D3DBE46EC648F81E016 /* Pods-PreInterViewApp.release.xcconfig */ = {isa = PBXFileReference; includeInIndex = 1; lastKnownFileType = text.xcconfig; name = "Pods-PreInterViewApp.release.xcconfig"; path = "Pods/Target Support Files/Pods-PreInterViewApp/Pods-PreInterViewApp.release.xcconfig"; sourceTree = "<group>"; };
		D801298A1C7C014100C77EDA /* MainViewController.h */ = {isa = PBXFileReference; fileEncoding = 4; lastKnownFileType = sourcecode.c.h; path = MainViewController.h; sourceTree = "<group>"; };
		D801298B1C7C014100C77EDA /* MainViewController.m */ = {isa = PBXFileReference; fileEncoding = 4; lastKnownFileType = sourcecode.c.objc; path = MainViewController.m; sourceTree = "<group>"; };
		D801298D1C7C12C600C77EDA /* UsersViewController.h */ = {isa = PBXFileReference; fileEncoding = 4; lastKnownFileType = sourcecode.c.h; path = UsersViewController.h; sourceTree = "<group>"; };
		D801298E1C7C12C600C77EDA /* UsersViewController.m */ = {isa = PBXFileReference; fileEncoding = 4; lastKnownFileType = sourcecode.c.objc; path = UsersViewController.m; sourceTree = "<group>"; };
		D80129901C7C12F800C77EDA /* SettingViewController.h */ = {isa = PBXFileReference; fileEncoding = 4; lastKnownFileType = sourcecode.c.h; path = SettingViewController.h; sourceTree = "<group>"; };
		D80129911C7C12F800C77EDA /* SettingViewController.m */ = {isa = PBXFileReference; fileEncoding = 4; lastKnownFileType = sourcecode.c.objc; path = SettingViewController.m; sourceTree = "<group>"; };
		D801D44E1C7B6709000F448E /* LoginViewController.h */ = {isa = PBXFileReference; fileEncoding = 4; lastKnownFileType = sourcecode.c.h; path = LoginViewController.h; sourceTree = "<group>"; };
		D801D44F1C7B6709000F448E /* LoginViewController.m */ = {isa = PBXFileReference; fileEncoding = 4; lastKnownFileType = sourcecode.c.objc; path = LoginViewController.m; sourceTree = "<group>"; };
		D801D4501C7B6709000F448E /* WelcomeController.h */ = {isa = PBXFileReference; fileEncoding = 4; lastKnownFileType = sourcecode.c.h; path = WelcomeController.h; sourceTree = "<group>"; };
		D801D4511C7B6709000F448E /* WelcomeController.m */ = {isa = PBXFileReference; fileEncoding = 4; lastKnownFileType = sourcecode.c.objc; path = WelcomeController.m; sourceTree = "<group>"; };
		D801D4541C7B6747000F448E /* SignupViewController.h */ = {isa = PBXFileReference; fileEncoding = 4; lastKnownFileType = sourcecode.c.h; path = SignupViewController.h; sourceTree = "<group>"; };
		D801D4551C7B6747000F448E /* SignupViewController.m */ = {isa = PBXFileReference; fileEncoding = 4; lastKnownFileType = sourcecode.c.objc; path = SignupViewController.m; sourceTree = "<group>"; };
		D801D4591C7B70DC000F448E /* NetworkHandler.h */ = {isa = PBXFileReference; fileEncoding = 4; lastKnownFileType = sourcecode.c.h; path = NetworkHandler.h; sourceTree = "<group>"; };
		D801D45A1C7B70DC000F448E /* NetworkHandler.m */ = {isa = PBXFileReference; fileEncoding = 4; lastKnownFileType = sourcecode.c.objc; path = NetworkHandler.m; sourceTree = "<group>"; };
		D801D45D1C7B711E000F448E /* KeyOfJson.h */ = {isa = PBXFileReference; fileEncoding = 4; lastKnownFileType = sourcecode.c.h; path = KeyOfJson.h; sourceTree = "<group>"; };
		D801D45E1C7B711E000F448E /* NetworkConstants.h */ = {isa = PBXFileReference; fileEncoding = 4; lastKnownFileType = sourcecode.c.h; path = NetworkConstants.h; sourceTree = "<group>"; };
		D801D45F1C7B711E000F448E /* NotiConstants.h */ = {isa = PBXFileReference; fileEncoding = 4; lastKnownFileType = sourcecode.c.h; path = NotiConstants.h; sourceTree = "<group>"; };
		D801D4601C7B711E000F448E /* OtherContants.h */ = {isa = PBXFileReference; fileEncoding = 4; lastKnownFileType = sourcecode.c.h; path = OtherContants.h; sourceTree = "<group>"; };
		D883269C1C7AFAD0000BEC81 /* PreInterViewApp.app */ = {isa = PBXFileReference; explicitFileType = wrapper.application; includeInIndex = 0; path = PreInterViewApp.app; sourceTree = BUILT_PRODUCTS_DIR; };
		D88326A01C7AFAD0000BEC81 /* main.m */ = {isa = PBXFileReference; lastKnownFileType = sourcecode.c.objc; path = main.m; sourceTree = "<group>"; };
		D88326A21C7AFAD0000BEC81 /* AppDelegate.h */ = {isa = PBXFileReference; lastKnownFileType = sourcecode.c.h; path = AppDelegate.h; sourceTree = "<group>"; };
		D88326A31C7AFAD0000BEC81 /* AppDelegate.m */ = {isa = PBXFileReference; lastKnownFileType = sourcecode.c.objc; path = AppDelegate.m; sourceTree = "<group>"; };
		D88326A91C7AFAD0000BEC81 /* Base */ = {isa = PBXFileReference; lastKnownFileType = file.storyboard; name = Base; path = Base.lproj/Main.storyboard; sourceTree = "<group>"; };
		D88326AC1C7AFAD0000BEC81 /* PreInterViewApp.xcdatamodel */ = {isa = PBXFileReference; lastKnownFileType = wrapper.xcdatamodel; path = PreInterViewApp.xcdatamodel; sourceTree = "<group>"; };
		D88326AE1C7AFAD0000BEC81 /* Assets.xcassets */ = {isa = PBXFileReference; lastKnownFileType = folder.assetcatalog; path = Assets.xcassets; sourceTree = "<group>"; };
		D88326B11C7AFAD0000BEC81 /* Base */ = {isa = PBXFileReference; lastKnownFileType = file.storyboard; name = Base; path = Base.lproj/LaunchScreen.storyboard; sourceTree = "<group>"; };
		D88326B31C7AFAD0000BEC81 /* Info.plist */ = {isa = PBXFileReference; lastKnownFileType = text.plist.xml; path = Info.plist; sourceTree = "<group>"; };
		D88326B81C7AFAD0000BEC81 /* PreInterViewAppTests.xctest */ = {isa = PBXFileReference; explicitFileType = wrapper.cfbundle; includeInIndex = 0; path = PreInterViewAppTests.xctest; sourceTree = BUILT_PRODUCTS_DIR; };
		D88326BC1C7AFAD0000BEC81 /* PreInterViewAppTests.m */ = {isa = PBXFileReference; lastKnownFileType = sourcecode.c.objc; path = PreInterViewAppTests.m; sourceTree = "<group>"; };
		D88326BE1C7AFAD0000BEC81 /* Info.plist */ = {isa = PBXFileReference; lastKnownFileType = text.plist.xml; path = Info.plist; sourceTree = "<group>"; };
		D88326C31C7AFAD0000BEC81 /* PreInterViewAppUITests.xctest */ = {isa = PBXFileReference; explicitFileType = wrapper.cfbundle; includeInIndex = 0; path = PreInterViewAppUITests.xctest; sourceTree = BUILT_PRODUCTS_DIR; };
		D88326C71C7AFAD0000BEC81 /* PreInterViewAppUITests.m */ = {isa = PBXFileReference; lastKnownFileType = sourcecode.c.objc; path = PreInterViewAppUITests.m; sourceTree = "<group>"; };
		D88326C91C7AFAD0000BEC81 /* Info.plist */ = {isa = PBXFileReference; lastKnownFileType = text.plist.xml; path = Info.plist; sourceTree = "<group>"; };
		D8A362541C7C1D85002F1954 /* UserTableViewCell.h */ = {isa = PBXFileReference; fileEncoding = 4; lastKnownFileType = sourcecode.c.h; path = UserTableViewCell.h; sourceTree = "<group>"; };
		D8A362551C7C1D85002F1954 /* UserTableViewCell.m */ = {isa = PBXFileReference; fileEncoding = 4; lastKnownFileType = sourcecode.c.objc; path = UserTableViewCell.m; sourceTree = "<group>"; };
		D8A362581C7C1F6A002F1954 /* User.h */ = {isa = PBXFileReference; fileEncoding = 4; lastKnownFileType = sourcecode.c.h; path = User.h; sourceTree = "<group>"; };
		D8A362591C7C1F6A002F1954 /* User.m */ = {isa = PBXFileReference; fileEncoding = 4; lastKnownFileType = sourcecode.c.objc; path = User.m; sourceTree = "<group>"; };
		F7B43F82CD836BB0FEE3F5EF /* Pods-PreInterViewApp.debug.xcconfig */ = {isa = PBXFileReference; includeInIndex = 1; lastKnownFileType = text.xcconfig; name = "Pods-PreInterViewApp.debug.xcconfig"; path = "Pods/Target Support Files/Pods-PreInterViewApp/Pods-PreInterViewApp.debug.xcconfig"; sourceTree = "<group>"; };
/* End PBXFileReference section */

/* Begin PBXFrameworksBuildPhase section */
		D88326991C7AFAD0000BEC81 /* Frameworks */ = {
			isa = PBXFrameworksBuildPhase;
			buildActionMask = 2147483647;
			files = (
				B885EAA4591BC7EDFEA1C0FC /* Pods_PreInterViewApp.framework in Frameworks */,
			);
			runOnlyForDeploymentPostprocessing = 0;
		};
		D88326B51C7AFAD0000BEC81 /* Frameworks */ = {
			isa = PBXFrameworksBuildPhase;
			buildActionMask = 2147483647;
			files = (
			);
			runOnlyForDeploymentPostprocessing = 0;
		};
		D88326C01C7AFAD0000BEC81 /* Frameworks */ = {
			isa = PBXFrameworksBuildPhase;
			buildActionMask = 2147483647;
			files = (
			);
			runOnlyForDeploymentPostprocessing = 0;
		};
/* End PBXFrameworksBuildPhase section */

/* Begin PBXGroup section */
		0508CC3380335CC097EEA805 /* Pods */ = {
			isa = PBXGroup;
			children = (
				F7B43F82CD836BB0FEE3F5EF /* Pods-PreInterViewApp.debug.xcconfig */,
				47CC9D3DBE46EC648F81E016 /* Pods-PreInterViewApp.release.xcconfig */,
			);
			name = Pods;
			sourceTree = "<group>";
		};
		B2A83F787C370EF05596829B /* Frameworks */ = {
			isa = PBXGroup;
			children = (
				3C75035756C9523CBB9E0061 /* Pods_PreInterViewApp.framework */,
			);
			name = Frameworks;
			sourceTree = "<group>";
		};
		D801D44D1C7B6709000F448E /* Controllers */ = {
			isa = PBXGroup;
			children = (
				D801D44E1C7B6709000F448E /* LoginViewController.h */,
				D801D44F1C7B6709000F448E /* LoginViewController.m */,
				D801D4501C7B6709000F448E /* WelcomeController.h */,
				D801D4511C7B6709000F448E /* WelcomeController.m */,
				D801D4541C7B6747000F448E /* SignupViewController.h */,
				D801D4551C7B6747000F448E /* SignupViewController.m */,
				D801298A1C7C014100C77EDA /* MainViewController.h */,
				D801298B1C7C014100C77EDA /* MainViewController.m */,
				D801298D1C7C12C600C77EDA /* UsersViewController.h */,
				D801298E1C7C12C600C77EDA /* UsersViewController.m */,
				D80129901C7C12F800C77EDA /* SettingViewController.h */,
				D80129911C7C12F800C77EDA /* SettingViewController.m */,
			);
			path = Controllers;
			sourceTree = "<group>";
		};
		D801D4581C7B70DC000F448E /* Network */ = {
			isa = PBXGroup;
			children = (
				D801D4591C7B70DC000F448E /* NetworkHandler.h */,
				D801D45A1C7B70DC000F448E /* NetworkHandler.m */,
			);
			path = Network;
			sourceTree = "<group>";
		};
		D801D45C1C7B711E000F448E /* Constants */ = {
			isa = PBXGroup;
			children = (
				D801D45D1C7B711E000F448E /* KeyOfJson.h */,
				D801D45E1C7B711E000F448E /* NetworkConstants.h */,
				D801D45F1C7B711E000F448E /* NotiConstants.h */,
				D801D4601C7B711E000F448E /* OtherContants.h */,
			);
			path = Constants;
			sourceTree = "<group>";
		};
		D88326931C7AFAD0000BEC81 = {
			isa = PBXGroup;
			children = (
				D883269E1C7AFAD0000BEC81 /* PreInterViewApp */,
				D88326BB1C7AFAD0000BEC81 /* PreInterViewAppTests */,
				D88326C61C7AFAD0000BEC81 /* PreInterViewAppUITests */,
				D883269D1C7AFAD0000BEC81 /* Products */,
				0508CC3380335CC097EEA805 /* Pods */,
				B2A83F787C370EF05596829B /* Frameworks */,
			);
			sourceTree = "<group>";
		};
		D883269D1C7AFAD0000BEC81 /* Products */ = {
			isa = PBXGroup;
			children = (
				D883269C1C7AFAD0000BEC81 /* PreInterViewApp.app */,
				D88326B81C7AFAD0000BEC81 /* PreInterViewAppTests.xctest */,
				D88326C31C7AFAD0000BEC81 /* PreInterViewAppUITests.xctest */,
			);
			name = Products;
			sourceTree = "<group>";
		};
		D883269E1C7AFAD0000BEC81 /* PreInterViewApp */ = {
			isa = PBXGroup;
			children = (
				D8A362571C7C1F3E002F1954 /* Models */,
				D8A362531C7C1D67002F1954 /* Views */,
				D801D45C1C7B711E000F448E /* Constants */,
				D801D4581C7B70DC000F448E /* Network */,
				D801D44D1C7B6709000F448E /* Controllers */,
				D88326A21C7AFAD0000BEC81 /* AppDelegate.h */,
				D88326A31C7AFAD0000BEC81 /* AppDelegate.m */,
				D88326A81C7AFAD0000BEC81 /* Main.storyboard */,
				D88326AE1C7AFAD0000BEC81 /* Assets.xcassets */,
				D88326B01C7AFAD0000BEC81 /* LaunchScreen.storyboard */,
				D88326B31C7AFAD0000BEC81 /* Info.plist */,
				D88326AB1C7AFAD0000BEC81 /* PreInterViewApp.xcdatamodeld */,
				D883269F1C7AFAD0000BEC81 /* Supporting Files */,
			);
			path = PreInterViewApp;
			sourceTree = "<group>";
		};
		D883269F1C7AFAD0000BEC81 /* Supporting Files */ = {
			isa = PBXGroup;
			children = (
				D88326A01C7AFAD0000BEC81 /* main.m */,
			);
			name = "Supporting Files";
			sourceTree = "<group>";
		};
		D88326BB1C7AFAD0000BEC81 /* PreInterViewAppTests */ = {
			isa = PBXGroup;
			children = (
				D88326BC1C7AFAD0000BEC81 /* PreInterViewAppTests.m */,
				D88326BE1C7AFAD0000BEC81 /* Info.plist */,
			);
			path = PreInterViewAppTests;
			sourceTree = "<group>";
		};
		D88326C61C7AFAD0000BEC81 /* PreInterViewAppUITests */ = {
			isa = PBXGroup;
			children = (
				D88326C71C7AFAD0000BEC81 /* PreInterViewAppUITests.m */,
				D88326C91C7AFAD0000BEC81 /* Info.plist */,
			);
			path = PreInterViewAppUITests;
			sourceTree = "<group>";
		};
		D8A362531C7C1D67002F1954 /* Views */ = {
			isa = PBXGroup;
			children = (
				D8A362541C7C1D85002F1954 /* UserTableViewCell.h */,
				D8A362551C7C1D85002F1954 /* UserTableViewCell.m */,
			);
			path = Views;
			sourceTree = "<group>";
		};
		D8A362571C7C1F3E002F1954 /* Models */ = {
			isa = PBXGroup;
			children = (
				D8A362581C7C1F6A002F1954 /* User.h */,
				D8A362591C7C1F6A002F1954 /* User.m */,
			);
			path = Models;
			sourceTree = "<group>";
		};
/* End PBXGroup section */

/* Begin PBXNativeTarget section */
		D883269B1C7AFAD0000BEC81 /* PreInterViewApp */ = {
			isa = PBXNativeTarget;
			buildConfigurationList = D88326CC1C7AFAD0000BEC81 /* Build configuration list for PBXNativeTarget "PreInterViewApp" */;
			buildPhases = (
				C21700B9073FF7AE45C908F7 /* Check Pods Manifest.lock */,
				D88326981C7AFAD0000BEC81 /* Sources */,
				D88326991C7AFAD0000BEC81 /* Frameworks */,
				D883269A1C7AFAD0000BEC81 /* Resources */,
				455FEEA8AB16A0067FE3BEC9 /* Embed Pods Frameworks */,
				963767A62B96E697F40B204B /* Copy Pods Resources */,
			);
			buildRules = (
			);
			dependencies = (
			);
			name = PreInterViewApp;
			productName = PreInterViewApp;
			productReference = D883269C1C7AFAD0000BEC81 /* PreInterViewApp.app */;
			productType = "com.apple.product-type.application";
		};
		D88326B71C7AFAD0000BEC81 /* PreInterViewAppTests */ = {
			isa = PBXNativeTarget;
			buildConfigurationList = D88326CF1C7AFAD0000BEC81 /* Build configuration list for PBXNativeTarget "PreInterViewAppTests" */;
			buildPhases = (
				D88326B41C7AFAD0000BEC81 /* Sources */,
				D88326B51C7AFAD0000BEC81 /* Frameworks */,
				D88326B61C7AFAD0000BEC81 /* Resources */,
			);
			buildRules = (
			);
			dependencies = (
				D88326BA1C7AFAD0000BEC81 /* PBXTargetDependency */,
			);
			name = PreInterViewAppTests;
			productName = PreInterViewAppTests;
			productReference = D88326B81C7AFAD0000BEC81 /* PreInterViewAppTests.xctest */;
			productType = "com.apple.product-type.bundle.unit-test";
		};
		D88326C21C7AFAD0000BEC81 /* PreInterViewAppUITests */ = {
			isa = PBXNativeTarget;
			buildConfigurationList = D88326D21C7AFAD0000BEC81 /* Build configuration list for PBXNativeTarget "PreInterViewAppUITests" */;
			buildPhases = (
				D88326BF1C7AFAD0000BEC81 /* Sources */,
				D88326C01C7AFAD0000BEC81 /* Frameworks */,
				D88326C11C7AFAD0000BEC81 /* Resources */,
			);
			buildRules = (
			);
			dependencies = (
				D88326C51C7AFAD0000BEC81 /* PBXTargetDependency */,
			);
			name = PreInterViewAppUITests;
			productName = PreInterViewAppUITests;
			productReference = D88326C31C7AFAD0000BEC81 /* PreInterViewAppUITests.xctest */;
			productType = "com.apple.product-type.bundle.ui-testing";
		};
/* End PBXNativeTarget section */

/* Begin PBXProject section */
		D88326941C7AFAD0000BEC81 /* Project object */ = {
			isa = PBXProject;
			attributes = {
				LastUpgradeCheck = 0710;
				ORGANIZATIONNAME = "Cao Ky Han";
				TargetAttributes = {
					D883269B1C7AFAD0000BEC81 = {
						CreatedOnToolsVersion = 7.1.1;
						SystemCapabilities = {
							com.apple.Push = {
								enabled = 1;
							};
						};
					};
					D88326B71C7AFAD0000BEC81 = {
						CreatedOnToolsVersion = 7.1.1;
						TestTargetID = D883269B1C7AFAD0000BEC81;
					};
					D88326C21C7AFAD0000BEC81 = {
						CreatedOnToolsVersion = 7.1.1;
						TestTargetID = D883269B1C7AFAD0000BEC81;
					};
				};
			};
			buildConfigurationList = D88326971C7AFAD0000BEC81 /* Build configuration list for PBXProject "PreInterViewApp" */;
			compatibilityVersion = "Xcode 3.2";
			developmentRegion = English;
			hasScannedForEncodings = 0;
			knownRegions = (
				en,
				Base,
			);
			mainGroup = D88326931C7AFAD0000BEC81;
			productRefGroup = D883269D1C7AFAD0000BEC81 /* Products */;
			projectDirPath = "";
			projectRoot = "";
			targets = (
				D883269B1C7AFAD0000BEC81 /* PreInterViewApp */,
				D88326B71C7AFAD0000BEC81 /* PreInterViewAppTests */,
				D88326C21C7AFAD0000BEC81 /* PreInterViewAppUITests */,
			);
		};
/* End PBXProject section */

/* Begin PBXResourcesBuildPhase section */
		D883269A1C7AFAD0000BEC81 /* Resources */ = {
			isa = PBXResourcesBuildPhase;
			buildActionMask = 2147483647;
			files = (
				D88326B21C7AFAD0000BEC81 /* LaunchScreen.storyboard in Resources */,
				D88326AF1C7AFAD0000BEC81 /* Assets.xcassets in Resources */,
				D88326AA1C7AFAD0000BEC81 /* Main.storyboard in Resources */,
			);
			runOnlyForDeploymentPostprocessing = 0;
		};
		D88326B61C7AFAD0000BEC81 /* Resources */ = {
			isa = PBXResourcesBuildPhase;
			buildActionMask = 2147483647;
			files = (
			);
			runOnlyForDeploymentPostprocessing = 0;
		};
		D88326C11C7AFAD0000BEC81 /* Resources */ = {
			isa = PBXResourcesBuildPhase;
			buildActionMask = 2147483647;
			files = (
			);
			runOnlyForDeploymentPostprocessing = 0;
		};
/* End PBXResourcesBuildPhase section */

/* Begin PBXShellScriptBuildPhase section */
		455FEEA8AB16A0067FE3BEC9 /* Embed Pods Frameworks */ = {
			isa = PBXShellScriptBuildPhase;
			buildActionMask = 2147483647;
			files = (
			);
			inputPaths = (
			);
			name = "Embed Pods Frameworks";
			outputPaths = (
			);
			runOnlyForDeploymentPostprocessing = 0;
			shellPath = /bin/sh;
			shellScript = "\"${SRCROOT}/Pods/Target Support Files/Pods-PreInterViewApp/Pods-PreInterViewApp-frameworks.sh\"\n";
			showEnvVarsInLog = 0;
		};
		963767A62B96E697F40B204B /* Copy Pods Resources */ = {
			isa = PBXShellScriptBuildPhase;
			buildActionMask = 2147483647;
			files = (
			);
			inputPaths = (
			);
			name = "Copy Pods Resources";
			outputPaths = (
			);
			runOnlyForDeploymentPostprocessing = 0;
			shellPath = /bin/sh;
			shellScript = "\"${SRCROOT}/Pods/Target Support Files/Pods-PreInterViewApp/Pods-PreInterViewApp-resources.sh\"\n";
			showEnvVarsInLog = 0;
		};
		C21700B9073FF7AE45C908F7 /* Check Pods Manifest.lock */ = {
			isa = PBXShellScriptBuildPhase;
			buildActionMask = 2147483647;
			files = (
			);
			inputPaths = (
			);
			name = "Check Pods Manifest.lock";
			outputPaths = (
			);
			runOnlyForDeploymentPostprocessing = 0;
			shellPath = /bin/sh;
			shellScript = "diff \"${PODS_ROOT}/../Podfile.lock\" \"${PODS_ROOT}/Manifest.lock\" > /dev/null\nif [[ $? != 0 ]] ; then\n    cat << EOM\nerror: The sandbox is not in sync with the Podfile.lock. Run 'pod install' or update your CocoaPods installation.\nEOM\n    exit 1\nfi\n";
			showEnvVarsInLog = 0;
		};
/* End PBXShellScriptBuildPhase section */

/* Begin PBXSourcesBuildPhase section */
		D88326981C7AFAD0000BEC81 /* Sources */ = {
			isa = PBXSourcesBuildPhase;
			buildActionMask = 2147483647;
			files = (
				D801298F1C7C12C600C77EDA /* UsersViewController.m in Sources */,
				D801D4561C7B6747000F448E /* SignupViewController.m in Sources */,
				D801D4521C7B6709000F448E /* LoginViewController.m in Sources */,
				D8A362561C7C1D85002F1954 /* UserTableViewCell.m in Sources */,
				D88326AD1C7AFAD0000BEC81 /* PreInterViewApp.xcdatamodeld in Sources */,
				D801298C1C7C014100C77EDA /* MainViewController.m in Sources */,
				D88326A41C7AFAD0000BEC81 /* AppDelegate.m in Sources */,
				D801D45B1C7B70DC000F448E /* NetworkHandler.m in Sources */,
				D8A3625A1C7C1F6A002F1954 /* User.m in Sources */,
				D88326A11C7AFAD0000BEC81 /* main.m in Sources */,
				D801D4531C7B6709000F448E /* WelcomeController.m in Sources */,
				D80129921C7C12F800C77EDA /* SettingViewController.m in Sources */,
			);
			runOnlyForDeploymentPostprocessing = 0;
		};
		D88326B41C7AFAD0000BEC81 /* Sources */ = {
			isa = PBXSourcesBuildPhase;
			buildActionMask = 2147483647;
			files = (
				D88326BD1C7AFAD0000BEC81 /* PreInterViewAppTests.m in Sources */,
			);
			runOnlyForDeploymentPostprocessing = 0;
		};
		D88326BF1C7AFAD0000BEC81 /* Sources */ = {
			isa = PBXSourcesBuildPhase;
			buildActionMask = 2147483647;
			files = (
				D88326C81C7AFAD0000BEC81 /* PreInterViewAppUITests.m in Sources */,
			);
			runOnlyForDeploymentPostprocessing = 0;
		};
/* End PBXSourcesBuildPhase section */

/* Begin PBXTargetDependency section */
		D88326BA1C7AFAD0000BEC81 /* PBXTargetDependency */ = {
			isa = PBXTargetDependency;
			target = D883269B1C7AFAD0000BEC81 /* PreInterViewApp */;
			targetProxy = D88326B91C7AFAD0000BEC81 /* PBXContainerItemProxy */;
		};
		D88326C51C7AFAD0000BEC81 /* PBXTargetDependency */ = {
			isa = PBXTargetDependency;
			target = D883269B1C7AFAD0000BEC81 /* PreInterViewApp */;
			targetProxy = D88326C41C7AFAD0000BEC81 /* PBXContainerItemProxy */;
		};
/* End PBXTargetDependency section */

/* Begin PBXVariantGroup section */
		D88326A81C7AFAD0000BEC81 /* Main.storyboard */ = {
			isa = PBXVariantGroup;
			children = (
				D88326A91C7AFAD0000BEC81 /* Base */,
			);
			name = Main.storyboard;
			sourceTree = "<group>";
		};
		D88326B01C7AFAD0000BEC81 /* LaunchScreen.storyboard */ = {
			isa = PBXVariantGroup;
			children = (
				D88326B11C7AFAD0000BEC81 /* Base */,
			);
			name = LaunchScreen.storyboard;
			sourceTree = "<group>";
		};
/* End PBXVariantGroup section */

/* Begin XCBuildConfiguration section */
		D88326CA1C7AFAD0000BEC81 /* Debug */ = {
			isa = XCBuildConfiguration;
			buildSettings = {
				ALWAYS_SEARCH_USER_PATHS = NO;
				CLANG_CXX_LANGUAGE_STANDARD = "gnu++0x";
				CLANG_CXX_LIBRARY = "libc++";
				CLANG_ENABLE_MODULES = YES;
				CLANG_ENABLE_OBJC_ARC = YES;
				CLANG_WARN_BOOL_CONVERSION = YES;
				CLANG_WARN_CONSTANT_CONVERSION = YES;
				CLANG_WARN_DIRECT_OBJC_ISA_USAGE = YES_ERROR;
				CLANG_WARN_EMPTY_BODY = YES;
				CLANG_WARN_ENUM_CONVERSION = YES;
				CLANG_WARN_INT_CONVERSION = YES;
				CLANG_WARN_OBJC_ROOT_CLASS = YES_ERROR;
				CLANG_WARN_UNREACHABLE_CODE = YES;
				CLANG_WARN__DUPLICATE_METHOD_MATCH = YES;
				"CODE_SIGN_IDENTITY[sdk=iphoneos*]" = "iPhone Developer";
				COPY_PHASE_STRIP = NO;
				DEBUG_INFORMATION_FORMAT = dwarf;
				ENABLE_STRICT_OBJC_MSGSEND = YES;
				ENABLE_TESTABILITY = YES;
				GCC_C_LANGUAGE_STANDARD = gnu99;
				GCC_DYNAMIC_NO_PIC = NO;
				GCC_NO_COMMON_BLOCKS = YES;
				GCC_OPTIMIZATION_LEVEL = 0;
				GCC_PREPROCESSOR_DEFINITIONS = (
					"DEBUG=1",
					"$(inherited)",
				);
				GCC_WARN_64_TO_32_BIT_CONVERSION = YES;
				GCC_WARN_ABOUT_RETURN_TYPE = YES_ERROR;
				GCC_WARN_UNDECLARED_SELECTOR = YES;
				GCC_WARN_UNINITIALIZED_AUTOS = YES_AGGRESSIVE;
				GCC_WARN_UNUSED_FUNCTION = YES;
				GCC_WARN_UNUSED_VARIABLE = YES;
				IPHONEOS_DEPLOYMENT_TARGET = 9.1;
				MTL_ENABLE_DEBUG_INFO = YES;
				ONLY_ACTIVE_ARCH = YES;
				SDKROOT = iphoneos;
				TARGETED_DEVICE_FAMILY = "1,2";
			};
			name = Debug;
		};
		D88326CB1C7AFAD0000BEC81 /* Release */ = {
			isa = XCBuildConfiguration;
			buildSettings = {
				ALWAYS_SEARCH_USER_PATHS = NO;
				CLANG_CXX_LANGUAGE_STANDARD = "gnu++0x";
				CLANG_CXX_LIBRARY = "libc++";
				CLANG_ENABLE_MODULES = YES;
				CLANG_ENABLE_OBJC_ARC = YES;
				CLANG_WARN_BOOL_CONVERSION = YES;
				CLANG_WARN_CONSTANT_CONVERSION = YES;
				CLANG_WARN_DIRECT_OBJC_ISA_USAGE = YES_ERROR;
				CLANG_WARN_EMPTY_BODY = YES;
				CLANG_WARN_ENUM_CONVERSION = YES;
				CLANG_WARN_INT_CONVERSION = YES;
				CLANG_WARN_OBJC_ROOT_CLASS = YES_ERROR;
				CLANG_WARN_UNREACHABLE_CODE = YES;
				CLANG_WARN__DUPLICATE_METHOD_MATCH = YES;
				"CODE_SIGN_IDENTITY[sdk=iphoneos*]" = "iPhone Developer";
				COPY_PHASE_STRIP = NO;
				DEBUG_INFORMATION_FORMAT = "dwarf-with-dsym";
				ENABLE_NS_ASSERTIONS = NO;
				ENABLE_STRICT_OBJC_MSGSEND = YES;
				GCC_C_LANGUAGE_STANDARD = gnu99;
				GCC_NO_COMMON_BLOCKS = YES;
				GCC_WARN_64_TO_32_BIT_CONVERSION = YES;
				GCC_WARN_ABOUT_RETURN_TYPE = YES_ERROR;
				GCC_WARN_UNDECLARED_SELECTOR = YES;
				GCC_WARN_UNINITIALIZED_AUTOS = YES_AGGRESSIVE;
				GCC_WARN_UNUSED_FUNCTION = YES;
				GCC_WARN_UNUSED_VARIABLE = YES;
				IPHONEOS_DEPLOYMENT_TARGET = 9.1;
				MTL_ENABLE_DEBUG_INFO = NO;
				SDKROOT = iphoneos;
				TARGETED_DEVICE_FAMILY = "1,2";
				VALIDATE_PRODUCT = YES;
			};
			name = Release;
		};
		D88326CD1C7AFAD0000BEC81 /* Debug */ = {
			isa = XCBuildConfiguration;
			baseConfigurationReference = F7B43F82CD836BB0FEE3F5EF /* Pods-PreInterViewApp.debug.xcconfig */;
			buildSettings = {
				ASSETCATALOG_COMPILER_APPICON_NAME = AppIcon;
				CODE_SIGN_IDENTITY = "iPhone Developer";
				INFOPLIST_FILE = PreInterViewApp/Info.plist;
				IPHONEOS_DEPLOYMENT_TARGET = 8.0;
				LD_RUNPATH_SEARCH_PATHS = "$(inherited) @executable_path/Frameworks";
				PRODUCT_BUNDLE_IDENTIFIER = com.hancao.PreInterViewApp;
				PRODUCT_NAME = "$(TARGET_NAME)";
			};
			name = Debug;
		};
		D88326CE1C7AFAD0000BEC81 /* Release */ = {
			isa = XCBuildConfiguration;
			baseConfigurationReference = 47CC9D3DBE46EC648F81E016 /* Pods-PreInterViewApp.release.xcconfig */;
			buildSettings = {
				ASSETCATALOG_COMPILER_APPICON_NAME = AppIcon;
				CODE_SIGN_IDENTITY = "iPhone Developer";
				INFOPLIST_FILE = PreInterViewApp/Info.plist;
				IPHONEOS_DEPLOYMENT_TARGET = 8.0;
				LD_RUNPATH_SEARCH_PATHS = "$(inherited) @executable_path/Frameworks";
				PRODUCT_BUNDLE_IDENTIFIER = com.hancao.PreInterViewApp;
				PRODUCT_NAME = "$(TARGET_NAME)";
			};
			name = Release;
		};
		D88326D01C7AFAD0000BEC81 /* Debug */ = {
			isa = XCBuildConfiguration;
			buildSettings = {
				BUNDLE_LOADER = "$(TEST_HOST)";
				INFOPLIST_FILE = PreInterViewAppTests/Info.plist;
				LD_RUNPATH_SEARCH_PATHS = "$(inherited) @executable_path/Frameworks @loader_path/Frameworks";
				PRODUCT_BUNDLE_IDENTIFIER = com.hancao.PreInterViewAppTests;
				PRODUCT_NAME = "$(TARGET_NAME)";
				TEST_HOST = "$(BUILT_PRODUCTS_DIR)/PreInterViewApp.app/PreInterViewApp";
			};
			name = Debug;
		};
		D88326D11C7AFAD0000BEC81 /* Release */ = {
			isa = XCBuildConfiguration;
			buildSettings = {
				BUNDLE_LOADER = "$(TEST_HOST)";
				INFOPLIST_FILE = PreInterViewAppTests/Info.plist;
				LD_RUNPATH_SEARCH_PATHS = "$(inherited) @executable_path/Frameworks @loader_path/Frameworks";
				PRODUCT_BUNDLE_IDENTIFIER = com.hancao.PreInterViewAppTests;
				PRODUCT_NAME = "$(TARGET_NAME)";
				TEST_HOST = "$(BUILT_PRODUCTS_DIR)/PreInterViewApp.app/PreInterViewApp";
			};
			name = Release;
		};
		D88326D31C7AFAD0000BEC81 /* Debug */ = {
			isa = XCBuildConfiguration;
			buildSettings = {
				INFOPLIST_FILE = PreInterViewAppUITests/Info.plist;
				LD_RUNPATH_SEARCH_PATHS = "$(inherited) @executable_path/Frameworks @loader_path/Frameworks";
				PRODUCT_BUNDLE_IDENTIFIER = com.hancao.PreInterViewAppUITests;
				PRODUCT_NAME = "$(TARGET_NAME)";
				TEST_TARGET_NAME = PreInterViewApp;
				USES_XCTRUNNER = YES;
			};
			name = Debug;
		};
		D88326D41C7AFAD0000BEC81 /* Release */ = {
			isa = XCBuildConfiguration;
			buildSettings = {
				INFOPLIST_FILE = PreInterViewAppUITests/Info.plist;
				LD_RUNPATH_SEARCH_PATHS = "$(inherited) @executable_path/Frameworks @loader_path/Frameworks";
				PRODUCT_BUNDLE_IDENTIFIER = com.hancao.PreInterViewAppUITests;
				PRODUCT_NAME = "$(TARGET_NAME)";
				TEST_TARGET_NAME = PreInterViewApp;
				USES_XCTRUNNER = YES;
			};
			name = Release;
		};
/* End XCBuildConfiguration section */

/* Begin XCConfigurationList section */
		D88326971C7AFAD0000BEC81 /* Build configuration list for PBXProject "PreInterViewApp" */ = {
			isa = XCConfigurationList;
			buildConfigurations = (
				D88326CA1C7AFAD0000BEC81 /* Debug */,
				D88326CB1C7AFAD0000BEC81 /* Release */,
			);
			defaultConfigurationIsVisible = 0;
			defaultConfigurationName = Release;
		};
		D88326CC1C7AFAD0000BEC81 /* Build configuration list for PBXNativeTarget "PreInterViewApp" */ = {
			isa = XCConfigurationList;
			buildConfigurations = (
				D88326CD1C7AFAD0000BEC81 /* Debug */,
				D88326CE1C7AFAD0000BEC81 /* Release */,
			);
			defaultConfigurationIsVisible = 0;
			defaultConfigurationName = Release;
		};
		D88326CF1C7AFAD0000BEC81 /* Build configuration list for PBXNativeTarget "PreInterViewAppTests" */ = {
			isa = XCConfigurationList;
			buildConfigurations = (
				D88326D01C7AFAD0000BEC81 /* Debug */,
				D88326D11C7AFAD0000BEC81 /* Release */,
			);
			defaultConfigurationIsVisible = 0;
			defaultConfigurationName = Release;
		};
		D88326D21C7AFAD0000BEC81 /* Build configuration list for PBXNativeTarget "PreInterViewAppUITests" */ = {
			isa = XCConfigurationList;
			buildConfigurations = (
				D88326D31C7AFAD0000BEC81 /* Debug */,
				D88326D41C7AFAD0000BEC81 /* Release */,
			);
			defaultConfigurationIsVisible = 0;
			defaultConfigurationName = Release;
		};
/* End XCConfigurationList section */

/* Begin XCVersionGroup section */
		D88326AB1C7AFAD0000BEC81 /* PreInterViewApp.xcdatamodeld */ = {
			isa = XCVersionGroup;
			children = (
				D88326AC1C7AFAD0000BEC81 /* PreInterViewApp.xcdatamodel */,
			);
			currentVersion = D88326AC1C7AFAD0000BEC81 /* PreInterViewApp.xcdatamodel */;
			path = PreInterViewApp.xcdatamodeld;
			sourceTree = "<group>";
			versionGroupType = wrapper.xcdatamodel;
		};
/* End XCVersionGroup section */
	};
	rootObject = D88326941C7AFAD0000BEC81 /* Project object */;
}
